
Microsoft Visual Studio Solution File, Format Version 12.00
# Visual Studio Version 17
VisualStudioVersion = 17.13.35931.197 d17.13
MinimumVisualStudioVersion = 10.0.40219.1
Project("{FAE04EC0-301F-11D3-BF4B-00C04F79EFBC}") = "HLSMP demo", "HLSMP demo\HLSMP demo.csproj", "{B4457334-1745-40FF-974B-4FEB029A63CD}"
EndProject
Global
	GlobalSection(SolutionConfigurationPlatforms) = preSolution
		Debug|Any CPU = Debug|Any CPU
		Release|Any CPU = Release|Any CPU
	EndGlobalSection
	GlobalSection(ProjectConfigurationPlatforms) = postSolution
		{B4457334-1745-40FF-974B-4FEB029A63CD}.Debug|Any CPU.ActiveCfg = Debug|Any CPU
		{B4457334-1745-40FF-974B-4FEB029A63CD}.Debug|Any CPU.Build.0 = Debug|Any CPU
		{B4457334-1745-40FF-974B-4FEB029A63CD}.Release|Any CPU.ActiveCfg = Release|Any CPU
		{B4457334-1745-40FF-974B-4FEB029A63CD}.Release|Any CPU.Build.0 = Release|Any CPU
	EndGlobalSection
	GlobalSection(SolutionProperties) = preSolution
		HideSolutionNode = FALSE
	EndGlobalSection
	GlobalSection(ExtensibilityGlobals) = postSolution
		SolutionGuid = {616288BE-B3A2-410F-A3CF-ACC5B81ECDD2}
	EndGlobalSection
EndGlobal
